
Microsoft Visual Studio Solution File, Format Version 12.00
# Visual Studio Version 17
VisualStudioVersion = 17.5.002.0
MinimumVisualStudioVersion = 10.0.40219.1
Project("{9A19103F-16F7-4668-BE54-9A1E7A4F7556}") = "GetESet", "GetESet.csproj", "{F747A73A-A7D5-44B8-9FBA-89F2DA596E2C}"
EndProject
Global
	GlobalSection(SolutionConfigurationPlatforms) = preSolution
		Debug|Any CPU = Debug|Any CPU
		Release|Any CPU = Release|Any CPU
	EndGlobalSection
	GlobalSection(ProjectConfigurationPlatforms) = postSolution
		{F747A73A-A7D5-44B8-9FBA-89F2DA596E2C}.Debug|Any CPU.ActiveCfg = Debug|Any CPU
		{F747A73A-A7D5-44B8-9FBA-89F2DA596E2C}.Debug|Any CPU.Build.0 = Debug|Any CPU
		{F747A73A-A7D5-44B8-9FBA-89F2DA596E2C}.Release|Any CPU.ActiveCfg = Release|Any CPU
		{F747A73A-A7D5-44B8-9FBA-89F2DA596E2C}.Release|Any CPU.Build.0 = Release|Any CPU
	EndGlobalSection
	GlobalSection(SolutionProperties) = preSolution
		HideSolutionNode = FALSE
	EndGlobalSection
	GlobalSection(ExtensibilityGlobals) = postSolution
		SolutionGuid = {AEAAC753-75CC-4D4A-A6BD-022580F4BB75}
	EndGlobalSection
EndGlobal
